
Microsoft Visual Studio Solution File, Format Version 12.00
# Visual Studio Version 17
VisualStudioVersion = 17.6.33723.286
MinimumVisualStudioVersion = 10.0.40219.1
Project("{2150E333-8FDC-42A3-9474-1A3956D46DE8}") = "APIGateway", "APIGateway", "{51E235E1-3B43-4EB3-87D5-7A5E6C569823}"
EndProject
Project("{9A19103F-16F7-4668-BE54-9A1E7A4F7556}") = "OcelotAPIGateway", "OcelotAPIGateway\OcelotAPIGateway.csproj", "{72703C1A-ADF7-437F-8415-93CF9642A97C}"
EndProject
Project("{2150E333-8FDC-42A3-9474-1A3956D46DE8}") = "MicroServices", "MicroServices", "{9F44DC19-DA99-48DF-8A41-AF3B35E5A020}"
EndProject
Project("{2150E333-8FDC-42A3-9474-1A3956D46DE8}") = "ExamMicroService", "ExamMicroService", "{B3E6C9F0-156E-43C2-B6BF-B1A4607E0C0D}"
EndProject
Project("{2150E333-8FDC-42A3-9474-1A3956D46DE8}") = "AdmissionMicroService", "AdmissionMicroService", "{EA323DB1-B505-4CAB-A029-84B0504FC667}"
EndProject
Project("{9A19103F-16F7-4668-BE54-9A1E7A4F7556}") = "AdmissionWebAPI", "AdmissionWebAPI\AdmissionWebAPI.csproj", "{37A74A5C-1044-4F7B-9219-A8DD4C2F2B84}"
EndProject
Project("{9A19103F-16F7-4668-BE54-9A1E7A4F7556}") = "ExamWebAPI", "ExamWebAPI\ExamWebAPI.csproj", "{EA1DE64C-7A61-4B7D-AC04-1F91A5086358}"
EndProject
Project("{2150E333-8FDC-42A3-9474-1A3956D46DE8}") = "MasterMicroService", "MasterMicroService", "{3476B372-BA02-44BD-A1FC-D94D9AF4EC15}"
EndProject
Project("{9A19103F-16F7-4668-BE54-9A1E7A4F7556}") = "MasterWebAPI", "MasterWebAPI\MasterWebAPI.csproj", "{1783CC83-8F05-4839-9905-187BAF2AFE47}"
EndProject
Project("{2150E333-8FDC-42A3-9474-1A3956D46DE8}") = "Common", "Common", "{C3997241-C8CF-4BDF-8897-25E6951931BE}"
EndProject
Project("{9A19103F-16F7-4668-BE54-9A1E7A4F7556}") = "CommonApp", "CommonApp\CommonApp.csproj", "{3F9D7561-D3F5-48FA-8831-72C989FFE28B}"
EndProject
Project("{2150E333-8FDC-42A3-9474-1A3956D46DE8}") = "Authentication", "Authentication", "{6A857E9C-C9E2-456C-8C88-92A83966ADFC}"
EndProject
Project("{9A19103F-16F7-4668-BE54-9A1E7A4F7556}") = "Authenticate", "Authenticate\Authenticate.csproj", "{EC823BAC-2056-4CDD-80AA-643B14E9F278}"
EndProject
Project("{9A19103F-16F7-4668-BE54-9A1E7A4F7556}") = "MasterUnitTestApp", "MasterUnitTestApp\MasterUnitTestApp.csproj", "{27C444E6-5711-485E-A8C0-C9B8C733495A}"
EndProject
Project("{9A19103F-16F7-4668-BE54-9A1E7A4F7556}") = "AdmissionUnitTestApp", "AdmissionUnitTestApp\AdmissionUnitTestApp.csproj", "{8EA90751-A64F-4AA3-8E7D-D005E94A8B4C}"
EndProject
Project("{9A19103F-16F7-4668-BE54-9A1E7A4F7556}") = "ExamUnitTestApp", "ExamUnitTestApp\ExamUnitTestApp.csproj", "{AFAC9155-3D51-4DC0-B582-DFBADCD6ADEF}"
EndProject
Project("{9A19103F-16F7-4668-BE54-9A1E7A4F7556}") = "AuthenticationUnitTestApp", "AuthenticationUnitTestApp\AuthenticationUnitTestApp.csproj", "{DF81810F-9798-440A-8D7E-E3A42BBB3645}"
EndProject
Project("{2150E333-8FDC-42A3-9474-1A3956D46DE8}") = "SaaSApp", "SaaSApp", "{9B9995C0-2177-476D-A2C2-717C9F841778}"
EndProject
Project("{9A19103F-16F7-4668-BE54-9A1E7A4F7556}") = "SaaSAppAPI", "SaaSAppAPI\SaaSAppAPI.csproj", "{17607D59-DFA1-4E0E-9FE1-C5D0079BE579}"
EndProject
Project("{2150E333-8FDC-42A3-9474-1A3956D46DE8}") = "VendorMgtMicroService", "VendorMgtMicroService", "{A0E882DD-34B1-4FA1-8E78-247270B5D9AB}"
EndProject
Project("{FAE04EC0-301F-11D3-BF4B-00C04F79EFBC}") = "VendorMgtWebAPI", "VendorMgtWebAPI\VendorMgtWebAPI.csproj", "{BF685421-391D-44AE-9D31-91664AEFD30F}"
EndProject
Project("{FAE04EC0-301F-11D3-BF4B-00C04F79EFBC}") = "VendorMgtUnitTestApp", "VendorMgtUnitTestApp\VendorMgtUnitTestApp.csproj", "{BD1CCC63-9B35-4E92-8532-6069A87533B3}"
EndProject
Project("{FAE04EC0-301F-11D3-BF4B-00C04F79EFBC}") = "VendorMgtMVCApp", "VendorMgtMVCApp\VendorMgtMVCApp.csproj", "{6268E538-7848-41DF-833E-9FE1753F9CE7}"
EndProject
Global
	GlobalSection(SolutionConfigurationPlatforms) = preSolution
		Debug|Any CPU = Debug|Any CPU
		Release|Any CPU = Release|Any CPU
	EndGlobalSection
	GlobalSection(ProjectConfigurationPlatforms) = postSolution
		{72703C1A-ADF7-437F-8415-93CF9642A97C}.Debug|Any CPU.ActiveCfg = Debug|Any CPU
		{72703C1A-ADF7-437F-8415-93CF9642A97C}.Debug|Any CPU.Build.0 = Debug|Any CPU
		{72703C1A-ADF7-437F-8415-93CF9642A97C}.Release|Any CPU.ActiveCfg = Release|Any CPU
		{72703C1A-ADF7-437F-8415-93CF9642A97C}.Release|Any CPU.Build.0 = Release|Any CPU
		{37A74A5C-1044-4F7B-9219-A8DD4C2F2B84}.Debug|Any CPU.ActiveCfg = Debug|Any CPU
		{37A74A5C-1044-4F7B-9219-A8DD4C2F2B84}.Debug|Any CPU.Build.0 = Debug|Any CPU
		{37A74A5C-1044-4F7B-9219-A8DD4C2F2B84}.Release|Any CPU.ActiveCfg = Release|Any CPU
		{37A74A5C-1044-4F7B-9219-A8DD4C2F2B84}.Release|Any CPU.Build.0 = Release|Any CPU
		{EA1DE64C-7A61-4B7D-AC04-1F91A5086358}.Debug|Any CPU.ActiveCfg = Debug|Any CPU
		{EA1DE64C-7A61-4B7D-AC04-1F91A5086358}.Debug|Any CPU.Build.0 = Debug|Any CPU
		{EA1DE64C-7A61-4B7D-AC04-1F91A5086358}.Release|Any CPU.ActiveCfg = Release|Any CPU
		{EA1DE64C-7A61-4B7D-AC04-1F91A5086358}.Release|Any CPU.Build.0 = Release|Any CPU
		{1783CC83-8F05-4839-9905-187BAF2AFE47}.Debug|Any CPU.ActiveCfg = Debug|Any CPU
		{1783CC83-8F05-4839-9905-187BAF2AFE47}.Debug|Any CPU.Build.0 = Debug|Any CPU
		{1783CC83-8F05-4839-9905-187BAF2AFE47}.Release|Any CPU.ActiveCfg = Release|Any CPU
		{1783CC83-8F05-4839-9905-187BAF2AFE47}.Release|Any CPU.Build.0 = Release|Any CPU
		{3F9D7561-D3F5-48FA-8831-72C989FFE28B}.Debug|Any CPU.ActiveCfg = Debug|Any CPU
		{3F9D7561-D3F5-48FA-8831-72C989FFE28B}.Debug|Any CPU.Build.0 = Debug|Any CPU
		{3F9D7561-D3F5-48FA-8831-72C989FFE28B}.Release|Any CPU.ActiveCfg = Release|Any CPU
		{3F9D7561-D3F5-48FA-8831-72C989FFE28B}.Release|Any CPU.Build.0 = Release|Any CPU
		{EC823BAC-2056-4CDD-80AA-643B14E9F278}.Debug|Any CPU.ActiveCfg = Debug|Any CPU
		{EC823BAC-2056-4CDD-80AA-643B14E9F278}.Debug|Any CPU.Build.0 = Debug|Any CPU
		{EC823BAC-2056-4CDD-80AA-643B14E9F278}.Release|Any CPU.ActiveCfg = Release|Any CPU
		{EC823BAC-2056-4CDD-80AA-643B14E9F278}.Release|Any CPU.Build.0 = Release|Any CPU
		{27C444E6-5711-485E-A8C0-C9B8C733495A}.Debug|Any CPU.ActiveCfg = Debug|Any CPU
		{27C444E6-5711-485E-A8C0-C9B8C733495A}.Debug|Any CPU.Build.0 = Debug|Any CPU
		{27C444E6-5711-485E-A8C0-C9B8C733495A}.Release|Any CPU.ActiveCfg = Release|Any CPU
		{27C444E6-5711-485E-A8C0-C9B8C733495A}.Release|Any CPU.Build.0 = Release|Any CPU
		{8EA90751-A64F-4AA3-8E7D-D005E94A8B4C}.Debug|Any CPU.ActiveCfg = Debug|Any CPU
		{8EA90751-A64F-4AA3-8E7D-D005E94A8B4C}.Debug|Any CPU.Build.0 = Debug|Any CPU
		{8EA90751-A64F-4AA3-8E7D-D005E94A8B4C}.Release|Any CPU.ActiveCfg = Release|Any CPU
		{8EA90751-A64F-4AA3-8E7D-D005E94A8B4C}.Release|Any CPU.Build.0 = Release|Any CPU
		{AFAC9155-3D51-4DC0-B582-DFBADCD6ADEF}.Debug|Any CPU.ActiveCfg = Debug|Any CPU
		{AFAC9155-3D51-4DC0-B582-DFBADCD6ADEF}.Debug|Any CPU.Build.0 = Debug|Any CPU
		{AFAC9155-3D51-4DC0-B582-DFBADCD6ADEF}.Release|Any CPU.ActiveCfg = Release|Any CPU
		{AFAC9155-3D51-4DC0-B582-DFBADCD6ADEF}.Release|Any CPU.Build.0 = Release|Any CPU
		{DF81810F-9798-440A-8D7E-E3A42BBB3645}.Debug|Any CPU.ActiveCfg = Debug|Any CPU
		{DF81810F-9798-440A-8D7E-E3A42BBB3645}.Debug|Any CPU.Build.0 = Debug|Any CPU
		{DF81810F-9798-440A-8D7E-E3A42BBB3645}.Release|Any CPU.ActiveCfg = Release|Any CPU
		{DF81810F-9798-440A-8D7E-E3A42BBB3645}.Release|Any CPU.Build.0 = Release|Any CPU
		{17607D59-DFA1-4E0E-9FE1-C5D0079BE579}.Debug|Any CPU.ActiveCfg = Debug|Any CPU
		{17607D59-DFA1-4E0E-9FE1-C5D0079BE579}.Debug|Any CPU.Build.0 = Debug|Any CPU
		{17607D59-DFA1-4E0E-9FE1-C5D0079BE579}.Release|Any CPU.ActiveCfg = Release|Any CPU
		{17607D59-DFA1-4E0E-9FE1-C5D0079BE579}.Release|Any CPU.Build.0 = Release|Any CPU
		{BF685421-391D-44AE-9D31-91664AEFD30F}.Debug|Any CPU.ActiveCfg = Debug|Any CPU
		{BF685421-391D-44AE-9D31-91664AEFD30F}.Debug|Any CPU.Build.0 = Debug|Any CPU
		{BF685421-391D-44AE-9D31-91664AEFD30F}.Release|Any CPU.ActiveCfg = Release|Any CPU
		{BF685421-391D-44AE-9D31-91664AEFD30F}.Release|Any CPU.Build.0 = Release|Any CPU
		{BD1CCC63-9B35-4E92-8532-6069A87533B3}.Debug|Any CPU.ActiveCfg = Debug|Any CPU
		{BD1CCC63-9B35-4E92-8532-6069A87533B3}.Debug|Any CPU.Build.0 = Debug|Any CPU
		{BD1CCC63-9B35-4E92-8532-6069A87533B3}.Release|Any CPU.ActiveCfg = Release|Any CPU
		{BD1CCC63-9B35-4E92-8532-6069A87533B3}.Release|Any CPU.Build.0 = Release|Any CPU
		{6268E538-7848-41DF-833E-9FE1753F9CE7}.Debug|Any CPU.ActiveCfg = Debug|Any CPU
		{6268E538-7848-41DF-833E-9FE1753F9CE7}.Debug|Any CPU.Build.0 = Debug|Any CPU
		{6268E538-7848-41DF-833E-9FE1753F9CE7}.Release|Any CPU.ActiveCfg = Release|Any CPU
		{6268E538-7848-41DF-833E-9FE1753F9CE7}.Release|Any CPU.Build.0 = Release|Any CPU
	EndGlobalSection
	GlobalSection(SolutionProperties) = preSolution
		HideSolutionNode = FALSE
	EndGlobalSection
	GlobalSection(NestedProjects) = preSolution
		{72703C1A-ADF7-437F-8415-93CF9642A97C} = {51E235E1-3B43-4EB3-87D5-7A5E6C569823}
		{B3E6C9F0-156E-43C2-B6BF-B1A4607E0C0D} = {9F44DC19-DA99-48DF-8A41-AF3B35E5A020}
		{EA323DB1-B505-4CAB-A029-84B0504FC667} = {9F44DC19-DA99-48DF-8A41-AF3B35E5A020}
		{37A74A5C-1044-4F7B-9219-A8DD4C2F2B84} = {EA323DB1-B505-4CAB-A029-84B0504FC667}
		{EA1DE64C-7A61-4B7D-AC04-1F91A5086358} = {B3E6C9F0-156E-43C2-B6BF-B1A4607E0C0D}
		{3476B372-BA02-44BD-A1FC-D94D9AF4EC15} = {9F44DC19-DA99-48DF-8A41-AF3B35E5A020}
		{1783CC83-8F05-4839-9905-187BAF2AFE47} = {3476B372-BA02-44BD-A1FC-D94D9AF4EC15}
		{3F9D7561-D3F5-48FA-8831-72C989FFE28B} = {C3997241-C8CF-4BDF-8897-25E6951931BE}
		{EC823BAC-2056-4CDD-80AA-643B14E9F278} = {6A857E9C-C9E2-456C-8C88-92A83966ADFC}
		{27C444E6-5711-485E-A8C0-C9B8C733495A} = {3476B372-BA02-44BD-A1FC-D94D9AF4EC15}
		{8EA90751-A64F-4AA3-8E7D-D005E94A8B4C} = {EA323DB1-B505-4CAB-A029-84B0504FC667}
		{AFAC9155-3D51-4DC0-B582-DFBADCD6ADEF} = {B3E6C9F0-156E-43C2-B6BF-B1A4607E0C0D}
		{DF81810F-9798-440A-8D7E-E3A42BBB3645} = {6A857E9C-C9E2-456C-8C88-92A83966ADFC}
		{17607D59-DFA1-4E0E-9FE1-C5D0079BE579} = {9B9995C0-2177-476D-A2C2-717C9F841778}
		{A0E882DD-34B1-4FA1-8E78-247270B5D9AB} = {9F44DC19-DA99-48DF-8A41-AF3B35E5A020}
		{BF685421-391D-44AE-9D31-91664AEFD30F} = {A0E882DD-34B1-4FA1-8E78-247270B5D9AB}
		{BD1CCC63-9B35-4E92-8532-6069A87533B3} = {A0E882DD-34B1-4FA1-8E78-247270B5D9AB}
		{6268E538-7848-41DF-833E-9FE1753F9CE7} = {A0E882DD-34B1-4FA1-8E78-247270B5D9AB}
	EndGlobalSection
	GlobalSection(ExtensibilityGlobals) = postSolution
		SolutionGuid = {BBDC66BB-3E0D-48CE-9DC2-56D8D99A7449}
	EndGlobalSection
EndGlobal
